
Microsoft Visual Studio Solution File, Format Version 12.00
# Visual Studio Version 17
VisualStudioVersion = 17.7.34202.233
MinimumVisualStudioVersion = 10.0.40219.1
Project("{FAE04EC0-301F-11D3-BF4B-00C04F79EFBC}") = "SignalR101_", "SignalR101_\SignalR101_.csproj", "{1C856CDB-2060-4FA8-AAB3-312BCEA04BFC}"
EndProject
Global
	GlobalSection(SolutionConfigurationPlatforms) = preSolution
		Debug|Any CPU = Debug|Any CPU
		Release|Any CPU = Release|Any CPU
	EndGlobalSection
	GlobalSection(ProjectConfigurationPlatforms) = postSolution
		{1C856CDB-2060-4FA8-AAB3-312BCEA04BFC}.Debug|Any CPU.ActiveCfg = Debug|Any CPU
		{1C856CDB-2060-4FA8-AAB3-312BCEA04BFC}.Debug|Any CPU.Build.0 = Debug|Any CPU
		{1C856CDB-2060-4FA8-AAB3-312BCEA04BFC}.Release|Any CPU.ActiveCfg = Release|Any CPU
		{1C856CDB-2060-4FA8-AAB3-312BCEA04BFC}.Release|Any CPU.Build.0 = Release|Any CPU
	EndGlobalSection
	GlobalSection(SolutionProperties) = preSolution
		HideSolutionNode = FALSE
	EndGlobalSection
	GlobalSection(ExtensibilityGlobals) = postSolution
		SolutionGuid = {C884A1A2-E769-4391-B0CC-8BC66D307129}
	EndGlobalSection
EndGlobal
